schema: '2.0'
stages:
  train:
    cmd: Rscript train/regression.R
    deps:
    - path: data/population.csv
      md5: e08a08b1930d8425ed26853b52ba2285
      size: 2008
    - path: train/regression.R
      md5: 3c2277f9a3056d91aca855e41e9dfb3d
      size: 1870
    params:
      params.yaml:
        train.modeltype: lm
    outs:
    - path: metrics/metrics.json
      md5: 5df98b5203d674aada7ad359936f2997
      size: 48
    - path: models/model.RDS
      md5: ea06db126ffc61fcc1c8b8aa80efd0ad
      size: 3551
    - path: plots/fit.png
      md5: 5a5690831fab0137229f6de59b2f9860
      size: 135553
