schema: '2.0'
stages:
  train:
    cmd: Rscript train/regression.R
    params:
      params.yaml:
        train.modeltype: lmer
    outs:
    - path: metrics/metrics.json
      md5: a987c93adeb1a555edaad52cb2dbb368
      size: 49
    - path: models/model.RDS
      md5: f0b054f1f2fc2aafd40f2d7f77d9dd85
      size: 134623
    - path: plots/fit.png
      md5: c23c07523028b45b6e8c51b1a92490d6
      size: 219058
